
Microsoft Visual Studio Solution File, Format Version 12.00
# Visual Studio Version 16
VisualStudioVersion = 16.0.31911.196
MinimumVisualStudioVersion = 10.0.40219.1
Project("{FAE04EC0-301F-11D3-BF4B-00C04F79EFBC}") = "BasicTestApp", "BasicTestApp\BasicTestApp.csproj", "{F2659C1D-DDD6-4E8A-8F2E-C557894CE278}"
EndProject
Global
	GlobalSection(SolutionConfigurationPlatforms) = preSolution
		Debug|Any CPU = Debug|Any CPU
		Release|Any CPU = Release|Any CPU
	EndGlobalSection
	GlobalSection(ProjectConfigurationPlatforms) = postSolution
		{F2659C1D-DDD6-4E8A-8F2E-C557894CE278}.Debug|Any CPU.ActiveCfg = Debug|Any CPU
		{F2659C1D-DDD6-4E8A-8F2E-C557894CE278}.Debug|Any CPU.Build.0 = Debug|Any CPU
		{F2659C1D-DDD6-4E8A-8F2E-C557894CE278}.Release|Any CPU.ActiveCfg = Release|Any CPU
		{F2659C1D-DDD6-4E8A-8F2E-C557894CE278}.Release|Any CPU.Build.0 = Release|Any CPU
	EndGlobalSection
	GlobalSection(SolutionProperties) = preSolution
		HideSolutionNode = FALSE
	EndGlobalSection
	GlobalSection(ExtensibilityGlobals) = postSolution
		SolutionGuid = {52E3D052-F6BD-452D-9B6F-F8933A6DCE54}
	EndGlobalSection
EndGlobal
